
Microsoft Visual Studio Solution File, Format Version 10.00
# Visual Studio 2008
Project("{FAE04EC0-301F-11D3-BF4B-00C04F79EFBC}") = "VolumeData", "VolumeData\VolumeData.csproj", "{97932647-5D3F-45CB-98CD-F0F8242C5E21}"
EndProject
Project("{FAE04EC0-301F-11D3-BF4B-00C04F79EFBC}") = "VolumeDataConverter", "VolumeDataConverter\VolumeDataConverter.csproj", "{702D1401-B5B4-40F7-84ED-EDAC1815B03E}"
EndProject
Project("{FAE04EC0-301F-11D3-BF4B-00C04F79EFBC}") = "VolumeRenderer", "VolumeRenderer\VolumeRenderer.csproj", "{59663D2C-AA16-4043-AFE4-19587CF714DA}"
EndProject
Global
	GlobalSection(SolutionConfigurationPlatforms) = preSolution
		Debug|Any CPU = Debug|Any CPU
		Release|Any CPU = Release|Any CPU
	EndGlobalSection
	GlobalSection(ProjectConfigurationPlatforms) = postSolution
		{97932647-5D3F-45CB-98CD-F0F8242C5E21}.Debug|Any CPU.ActiveCfg = Debug|Any CPU
		{97932647-5D3F-45CB-98CD-F0F8242C5E21}.Debug|Any CPU.Build.0 = Debug|Any CPU
		{97932647-5D3F-45CB-98CD-F0F8242C5E21}.Release|Any CPU.ActiveCfg = Release|Any CPU
		{97932647-5D3F-45CB-98CD-F0F8242C5E21}.Release|Any CPU.Build.0 = Release|Any CPU
		{702D1401-B5B4-40F7-84ED-EDAC1815B03E}.Debug|Any CPU.ActiveCfg = Debug|Any CPU
		{702D1401-B5B4-40F7-84ED-EDAC1815B03E}.Debug|Any CPU.Build.0 = Debug|Any CPU
		{702D1401-B5B4-40F7-84ED-EDAC1815B03E}.Release|Any CPU.ActiveCfg = Release|Any CPU
		{702D1401-B5B4-40F7-84ED-EDAC1815B03E}.Release|Any CPU.Build.0 = Release|Any CPU
		{59663D2C-AA16-4043-AFE4-19587CF714DA}.Debug|Any CPU.ActiveCfg = Debug|Any CPU
		{59663D2C-AA16-4043-AFE4-19587CF714DA}.Debug|Any CPU.Build.0 = Debug|Any CPU
		{59663D2C-AA16-4043-AFE4-19587CF714DA}.Release|Any CPU.ActiveCfg = Release|Any CPU
		{59663D2C-AA16-4043-AFE4-19587CF714DA}.Release|Any CPU.Build.0 = Release|Any CPU
	EndGlobalSection
	GlobalSection(SolutionProperties) = preSolution
		HideSolutionNode = FALSE
	EndGlobalSection
EndGlobal
